
Microsoft Visual Studio Solution File, Format Version 12.00
# Visual Studio Version 16
VisualStudioVersion = 16.0.31729.503
MinimumVisualStudioVersion = 10.0.40219.1
Project("{FAE04EC0-301F-11D3-BF4B-00C04F79EFBC}") = "Division", "Division\Division.csproj", "{5935BC17-FC8C-4F21-94AC-C35EE364A0FB}"
EndProject
Global
	GlobalSection(SolutionConfigurationPlatforms) = preSolution
		Debug|Any CPU = Debug|Any CPU
		Release|Any CPU = Release|Any CPU
	EndGlobalSection
	GlobalSection(ProjectConfigurationPlatforms) = postSolution
		{5935BC17-FC8C-4F21-94AC-C35EE364A0FB}.Debug|Any CPU.ActiveCfg = Debug|Any CPU
		{5935BC17-FC8C-4F21-94AC-C35EE364A0FB}.Debug|Any CPU.Build.0 = Debug|Any CPU
		{5935BC17-FC8C-4F21-94AC-C35EE364A0FB}.Release|Any CPU.ActiveCfg = Release|Any CPU
		{5935BC17-FC8C-4F21-94AC-C35EE364A0FB}.Release|Any CPU.Build.0 = Release|Any CPU
	EndGlobalSection
	GlobalSection(SolutionProperties) = preSolution
		HideSolutionNode = FALSE
	EndGlobalSection
	GlobalSection(ExtensibilityGlobals) = postSolution
		SolutionGuid = {91E4621A-5D11-4FD5-AA27-A57B284C8329}
	EndGlobalSection
EndGlobal
