
Microsoft Visual Studio Solution File, Format Version 12.00
# Visual Studio Version 16
VisualStudioVersion = 16.0.31729.503
MinimumVisualStudioVersion = 10.0.40219.1
Project("{FAE04EC0-301F-11D3-BF4B-00C04F79EFBC}") = "EmployeeCheck", "EmployeeCheck\EmployeeCheck.csproj", "{C73ED775-1405-4FDD-B136-571A52A706F0}"
EndProject
Global
	GlobalSection(SolutionConfigurationPlatforms) = preSolution
		Debug|Any CPU = Debug|Any CPU
		Release|Any CPU = Release|Any CPU
	EndGlobalSection
	GlobalSection(ProjectConfigurationPlatforms) = postSolution
		{C73ED775-1405-4FDD-B136-571A52A706F0}.Debug|Any CPU.ActiveCfg = Debug|Any CPU
		{C73ED775-1405-4FDD-B136-571A52A706F0}.Debug|Any CPU.Build.0 = Debug|Any CPU
		{C73ED775-1405-4FDD-B136-571A52A706F0}.Release|Any CPU.ActiveCfg = Release|Any CPU
		{C73ED775-1405-4FDD-B136-571A52A706F0}.Release|Any CPU.Build.0 = Release|Any CPU
	EndGlobalSection
	GlobalSection(SolutionProperties) = preSolution
		HideSolutionNode = FALSE
	EndGlobalSection
	GlobalSection(ExtensibilityGlobals) = postSolution
		SolutionGuid = {33A615C0-CD4C-471B-B596-A25A9017AB40}
	EndGlobalSection
EndGlobal
