
Microsoft Visual Studio Solution File, Format Version 12.00
# Visual Studio Version 16
VisualStudioVersion = 16.0.31729.503
MinimumVisualStudioVersion = 10.0.40219.1
Project("{FAE04EC0-301F-11D3-BF4B-00C04F79EFBC}") = "DailyEmployeeWage", "DailyEmployeeWage\DailyEmployeeWage.csproj", "{B0CC0AB0-E84C-420F-8DBA-2F9E81E2E81B}"
EndProject
Global
	GlobalSection(SolutionConfigurationPlatforms) = preSolution
		Debug|Any CPU = Debug|Any CPU
		Release|Any CPU = Release|Any CPU
	EndGlobalSection
	GlobalSection(ProjectConfigurationPlatforms) = postSolution
		{B0CC0AB0-E84C-420F-8DBA-2F9E81E2E81B}.Debug|Any CPU.ActiveCfg = Debug|Any CPU
		{B0CC0AB0-E84C-420F-8DBA-2F9E81E2E81B}.Debug|Any CPU.Build.0 = Debug|Any CPU
		{B0CC0AB0-E84C-420F-8DBA-2F9E81E2E81B}.Release|Any CPU.ActiveCfg = Release|Any CPU
		{B0CC0AB0-E84C-420F-8DBA-2F9E81E2E81B}.Release|Any CPU.Build.0 = Release|Any CPU
	EndGlobalSection
	GlobalSection(SolutionProperties) = preSolution
		HideSolutionNode = FALSE
	EndGlobalSection
	GlobalSection(ExtensibilityGlobals) = postSolution
		SolutionGuid = {8C78CE6E-3D4F-4B66-8900-5629B27712BE}
	EndGlobalSection
EndGlobal
