
Microsoft Visual Studio Solution File, Format Version 12.00
# Visual Studio Version 16
VisualStudioVersion = 16.0.31729.503
MinimumVisualStudioVersion = 10.0.40219.1
Project("{FAE04EC0-301F-11D3-BF4B-00C04F79EFBC}") = "Substraction", "Substraction\Substraction.csproj", "{6C18B957-510E-45D2-B99E-E3B7CE866C17}"
EndProject
Global
	GlobalSection(SolutionConfigurationPlatforms) = preSolution
		Debug|Any CPU = Debug|Any CPU
		Release|Any CPU = Release|Any CPU
	EndGlobalSection
	GlobalSection(ProjectConfigurationPlatforms) = postSolution
		{6C18B957-510E-45D2-B99E-E3B7CE866C17}.Debug|Any CPU.ActiveCfg = Debug|Any CPU
		{6C18B957-510E-45D2-B99E-E3B7CE866C17}.Debug|Any CPU.Build.0 = Debug|Any CPU
		{6C18B957-510E-45D2-B99E-E3B7CE866C17}.Release|Any CPU.ActiveCfg = Release|Any CPU
		{6C18B957-510E-45D2-B99E-E3B7CE866C17}.Release|Any CPU.Build.0 = Release|Any CPU
	EndGlobalSection
	GlobalSection(SolutionProperties) = preSolution
		HideSolutionNode = FALSE
	EndGlobalSection
	GlobalSection(ExtensibilityGlobals) = postSolution
		SolutionGuid = {331F7DCF-36A1-47E3-9A97-6CAE38672292}
	EndGlobalSection
EndGlobal
